Microsoft Visual Studio Solution File, Format Version 12.00
# Visual Studio 2012
Project("{FAE04EC0-301F-11D3-BF4B-00C04F79EFBC}") = "Orc.GraphExplorer", "Orc.GraphExplorer\Orc.GraphExplorer.csproj", "{D32429C3-438E-4A21-9384-153B609E1B97}"
EndProject
Project("{FAE04EC0-301F-11D3-BF4B-00C04F79EFBC}") = "Orc.GraphExplorer.Tests", "Orc.GraphExplorer.Tests\Orc.GraphExplorer.Tests.csproj", "{73C72E0C-51EC-4325-A6F5-08B228F702D2}"
EndProject
Project("{2150E333-8FDC-42A3-9474-1A3956D46DE8}") = "Samples", "Samples", "{512E4DA1-75E3-4CBA-A1AD-E3E5CDE775BC}"
EndProject
Project("{FAE04EC0-301F-11D3-BF4B-00C04F79EFBC}") = "Orc.GraphExplorer.Demo", "Orc.GraphExplorer.Demo\Orc.GraphExplorer.Demo.csproj", "{2C50CF42-66C8-4955-82F8-B76197DF5287}"
EndProject
Global
	GlobalSection(SolutionConfigurationPlatforms) = preSolution
		Debug|Any CPU = Debug|Any CPU
		Release|Any CPU = Release|Any CPU
	EndGlobalSection
	GlobalSection(ProjectConfigurationPlatforms) = postSolution
		{D32429C3-438E-4A21-9384-153B609E1B97}.Debug|Any CPU.ActiveCfg = Debug|Any CPU
		{D32429C3-438E-4A21-9384-153B609E1B97}.Debug|Any CPU.Build.0 = Debug|Any CPU
		{D32429C3-438E-4A21-9384-153B609E1B97}.Release|Any CPU.ActiveCfg = Release|Any CPU
		{D32429C3-438E-4A21-9384-153B609E1B97}.Release|Any CPU.Build.0 = Release|Any CPU
		{73C72E0C-51EC-4325-A6F5-08B228F702D2}.Debug|Any CPU.ActiveCfg = Debug|Any CPU
		{73C72E0C-51EC-4325-A6F5-08B228F702D2}.Debug|Any CPU.Build.0 = Debug|Any CPU
		{73C72E0C-51EC-4325-A6F5-08B228F702D2}.Release|Any CPU.ActiveCfg = Release|Any CPU
		{73C72E0C-51EC-4325-A6F5-08B228F702D2}.Release|Any CPU.Build.0 = Release|Any CPU
		{2C50CF42-66C8-4955-82F8-B76197DF5287}.Debug|Any CPU.ActiveCfg = Debug|Any CPU
		{2C50CF42-66C8-4955-82F8-B76197DF5287}.Debug|Any CPU.Build.0 = Debug|Any CPU
		{2C50CF42-66C8-4955-82F8-B76197DF5287}.Release|Any CPU.ActiveCfg = Release|Any CPU
		{2C50CF42-66C8-4955-82F8-B76197DF5287}.Release|Any CPU.Build.0 = Release|Any CPU
	EndGlobalSection
	GlobalSection(SolutionProperties) = preSolution
		HideSolutionNode = FALSE
	EndGlobalSection
	GlobalSection(NestedProjects) = preSolution
		{2C50CF42-66C8-4955-82F8-B76197DF5287} = {512E4DA1-75E3-4CBA-A1AD-E3E5CDE775BC}
	EndGlobalSection
EndGlobal
