Microsoft Visual Studio Solution File, Format Version 12.00
# Visual Studio 2012
Project("{2150E333-8FDC-42A3-9474-1A3956D46DE8}") = "src", "src", "{512E4DA1-75E3-4CBA-A1AD-E3E5CDE775BC}"
EndProject
Project("{FAE04EC0-301F-11D3-BF4B-00C04F79EFBC}") = "Orc.GraphExplorer.Demo", "Orc.GraphExplorer.Demo\Orc.GraphExplorer.Demo.csproj", "{2C50CF42-66C8-4955-82F8-B76197DF5287}"
EndProject
Project("{2150E333-8FDC-42A3-9474-1A3956D46DE8}") = "lib", "lib", "{492373B2-2AD1-4590-A564-C582AEBC7672}"
	ProjectSection(SolutionItems) = preProject
		..\lib\repositories.config = ..\lib\repositories.config
	EndProjectSection
EndProject
Project("{2150E333-8FDC-42A3-9474-1A3956D46DE8}") = "misc", "misc", "{DA563D74-3F85-442B-AB5A-0FD0747200EA}"
	ProjectSection(SolutionItems) = preProject
		nuget.config = nuget.config
		Orc.GraphExplorer.sln.DotSettings = Orc.GraphExplorer.sln.DotSettings
		Settings.StyleCop = Settings.StyleCop
		SolutionAssemblyInfo.cs = SolutionAssemblyInfo.cs
	EndProjectSection
EndProject
Project("{FAE04EC0-301F-11D3-BF4B-00C04F79EFBC}") = "Orc.GraphExplorer", "Orc.GraphExplorer\Orc.GraphExplorer.csproj", "{59306C76-EBA0-4CE3-9E23-4BD072B7B6D2}"
EndProject
Project("{FAE04EC0-301F-11D3-BF4B-00C04F79EFBC}") = "Orc.GraphExplorer.Test", "Orc.GraphExplorer.Test\Orc.GraphExplorer.Test.csproj", "{402AE338-0F0E-42E9-9C7B-C594EDE6D764}"
EndProject
Global
	GlobalSection(SolutionConfigurationPlatforms) = preSolution
		Debug|Any CPU = Debug|Any CPU
		Release|Any CPU = Release|Any CPU
	EndGlobalSection
	GlobalSection(ProjectConfigurationPlatforms) = postSolution
		{2C50CF42-66C8-4955-82F8-B76197DF5287}.Debug|Any CPU.ActiveCfg = Debug|Any CPU
		{2C50CF42-66C8-4955-82F8-B76197DF5287}.Debug|Any CPU.Build.0 = Debug|Any CPU
		{2C50CF42-66C8-4955-82F8-B76197DF5287}.Release|Any CPU.ActiveCfg = Release|Any CPU
		{2C50CF42-66C8-4955-82F8-B76197DF5287}.Release|Any CPU.Build.0 = Release|Any CPU
		{59306C76-EBA0-4CE3-9E23-4BD072B7B6D2}.Debug|Any CPU.ActiveCfg = Debug|Any CPU
		{59306C76-EBA0-4CE3-9E23-4BD072B7B6D2}.Debug|Any CPU.Build.0 = Debug|Any CPU
		{59306C76-EBA0-4CE3-9E23-4BD072B7B6D2}.Release|Any CPU.ActiveCfg = Release|Any CPU
		{59306C76-EBA0-4CE3-9E23-4BD072B7B6D2}.Release|Any CPU.Build.0 = Release|Any CPU
		{402AE338-0F0E-42E9-9C7B-C594EDE6D764}.Debug|Any CPU.ActiveCfg = Debug|Any CPU
		{402AE338-0F0E-42E9-9C7B-C594EDE6D764}.Debug|Any CPU.Build.0 = Debug|Any CPU
		{402AE338-0F0E-42E9-9C7B-C594EDE6D764}.Release|Any CPU.ActiveCfg = Release|Any CPU
		{402AE338-0F0E-42E9-9C7B-C594EDE6D764}.Release|Any CPU.Build.0 = Release|Any CPU
	EndGlobalSection
	GlobalSection(SolutionProperties) = preSolution
		HideSolutionNode = FALSE
	EndGlobalSection
	GlobalSection(NestedProjects) = preSolution
		{2C50CF42-66C8-4955-82F8-B76197DF5287} = {512E4DA1-75E3-4CBA-A1AD-E3E5CDE775BC}
		{59306C76-EBA0-4CE3-9E23-4BD072B7B6D2} = {512E4DA1-75E3-4CBA-A1AD-E3E5CDE775BC}
		{402AE338-0F0E-42E9-9C7B-C594EDE6D764} = {512E4DA1-75E3-4CBA-A1AD-E3E5CDE775BC}
	EndGlobalSection
EndGlobal
